Microsoft Visual Studio Solution File, Format Version 11.00
# Visual Studio 2008

Project("{F7A021DA-2E60-F64A-8A1B-7B260460676B}") = "UnityGameGGJ", "Assembly-CSharp-firstpass.csproj", "{E8473F79-7153-0BF2-23DB-704A96E8EF3F}"
EndProject
Project("{F7A021DA-2E60-F64A-8A1B-7B260460676B}") = "UnityGameGGJ", "Assembly-CSharp.csproj", "{3790DEFD-247B-17D5-3E61-675757C44488}"
EndProject
Global
	GlobalSection(SolutionConfigurationPlatforms) = preSolution
		Debug|Any CPU = Debug|Any CPU
		Release|Any CPU = Release|Any CPU
	EndGlobalSection
	GlobalSection(ProjectConfigurationPlatforms) = postSolution
		{E8473F79-7153-0BF2-23DB-704A96E8EF3F}.Debug|Any CPU.ActiveCfg = Debug|Any CPU
		{E8473F79-7153-0BF2-23DB-704A96E8EF3F}.Debug|Any CPU.Build.0 = Debug|Any CPU
		{E8473F79-7153-0BF2-23DB-704A96E8EF3F}.Release|Any CPU.ActiveCfg = Release|Any CPU
		{E8473F79-7153-0BF2-23DB-704A96E8EF3F}.Release|Any CPU.Build.0 = Release|Any CPU
		{3790DEFD-247B-17D5-3E61-675757C44488}.Debug|Any CPU.ActiveCfg = Debug|Any CPU
		{3790DEFD-247B-17D5-3E61-675757C44488}.Debug|Any CPU.Build.0 = Debug|Any CPU
		{3790DEFD-247B-17D5-3E61-675757C44488}.Release|Any CPU.ActiveCfg = Release|Any CPU
		{3790DEFD-247B-17D5-3E61-675757C44488}.Release|Any CPU.Build.0 = Release|Any CPU
	EndGlobalSection
	GlobalSection(SolutionProperties) = preSolution
		HideSolutionNode = FALSE
	EndGlobalSection
<<<<<<< HEAD
																																								GlobalSection(MonoDevelopProperties) = preSolution
=======
<<<<<<< HEAD
																															GlobalSection(MonoDevelopProperties) = preSolution
=======
<<<<<<< HEAD
																																					GlobalSection(MonoDevelopProperties) = preSolution
>>>>>>> f068f0cd3ba915a9cbe7f5a3cf9263e5e07ef292
=======
																									GlobalSection(MonoDevelopProperties) = preSolution
>>>>>>> ee7a61a77e40c294def9a0557b575463f5c5232b
<<<<<<< HEAD
=======
<<<<<<< HEAD
															GlobalSection(MonoDevelopProperties) = preSolution
=======
>>>>>>> cf6d76bd095f7b00cfcf079a880465cabd824b4c
>>>>>>> da35747b241e0fbec55873ac9fa30df3e48f7e52
=======
																					GlobalSection(MonoDevelopProperties) = preSolution
>>>>>>> 98e0ca39dd6bdd8a8794be63ff6bf7eae1f72739
>>>>>>> 0a376a0ebe389fdd395b8b31647c2e6b81c2d166
		StartupItem = Assembly-CSharp.csproj
		Policies = $0
		$0.TextStylePolicy = $1
		$1.inheritsSet = null
		$1.scope = text/x-csharp
		$0.CSharpFormattingPolicy = $2
		$2.inheritsSet = Mono
		$2.inheritsScope = text/x-csharp
		$2.scope = text/x-csharp
		$0.TextStylePolicy = $3
		$3.FileWidth = 120
		$3.TabWidth = 4
		$3.EolMarker = Unix
		$3.inheritsSet = Mono
		$3.inheritsScope = text/plain
		$3.scope = text/plain
	EndGlobalSection

EndGlobal
